Microsoft Visual Studio Solution File, Format Version 12.00
# Visual Studio Version 16
VisualStudioVersion = 16.0.29920.165
MinimumVisualStudioVersion = 10.0.40219.1
Project("{9A19103F-16F7-4668-BE54-9A1E7A4F7556}") = "WeatherApp", "Weather\WeatherApp\WeatherApp.csproj", "{244E8B60-19FA-48DA-A3B4-3D9A4F611BDA}"
EndProject
Project("{FAE04EC0-301F-11D3-BF4B-00C04F79EFBC}") = "WeatherApp.Android", "Weather\WeatherApp.Android\WeatherApp.Android.csproj", "{8B869EF7-BE40-46D2-9413-F36344F063F4}"
EndProject
Global
	GlobalSection(SolutionConfigurationPlatforms) = preSolution
		Ad-Hoc|Any CPU = Ad-Hoc|Any CPU
		Ad-Hoc|iPhone = Ad-Hoc|iPhone
		Ad-Hoc|iPhoneSimulator = Ad-Hoc|iPhoneSimulator
		AppStore|Any CPU = AppStore|Any CPU
		AppStore|iPhone = AppStore|iPhone
		AppStore|iPhoneSimulator = AppStore|iPhoneSimulator
		Debug|Any CPU = Debug|Any CPU
		Debug|iPhone = Debug|iPhone
		Debug|iPhoneSimulator = Debug|iPhoneSimulator
		Release|Any CPU = Release|Any CPU
		Release|iPhone = Release|iPhone
		Release|iPhoneSimulator = Release|iPhoneSimulator
	EndGlobalSection
	GlobalSection(ProjectConfigurationPlatforms) = postSolution
		{244E8B60-19FA-48DA-A3B4-3D9A4F611BDA}.Ad-Hoc|Any CPU.ActiveCfg = Release|Any CPU
		{244E8B60-19FA-48DA-A3B4-3D9A4F611BDA}.Ad-Hoc|Any CPU.Build.0 = Release|Any CPU
		{244E8B60-19FA-48DA-A3B4-3D9A4F611BDA}.Ad-Hoc|iPhone.ActiveCfg = Debug|Any CPU
		{244E8B60-19FA-48DA-A3B4-3D9A4F611BDA}.Ad-Hoc|iPhone.Build.0 = Debug|Any CPU
		{244E8B60-19FA-48DA-A3B4-3D9A4F611BDA}.Ad-Hoc|iPhoneSimulator.ActiveCfg = Release|Any CPU
		{244E8B60-19FA-48DA-A3B4-3D9A4F611BDA}.Ad-Hoc|iPhoneSimulator.Build.0 = Release|Any CPU
		{244E8B60-19FA-48DA-A3B4-3D9A4F611BDA}.AppStore|Any CPU.ActiveCfg = Release|Any CPU
		{244E8B60-19FA-48DA-A3B4-3D9A4F611BDA}.AppStore|Any CPU.Build.0 = Release|Any CPU
		{244E8B60-19FA-48DA-A3B4-3D9A4F611BDA}.AppStore|iPhone.ActiveCfg = Debug|Any CPU
		{244E8B60-19FA-48DA-A3B4-3D9A4F611BDA}.AppStore|iPhone.Build.0 = Debug|Any CPU
		{244E8B60-19FA-48DA-A3B4-3D9A4F611BDA}.AppStore|iPhoneSimulator.ActiveCfg = Release|Any CPU
		{244E8B60-19FA-48DA-A3B4-3D9A4F611BDA}.AppStore|iPhoneSimulator.Build.0 = Release|Any CPU
		{244E8B60-19FA-48DA-A3B4-3D9A4F611BDA}.Debug|Any CPU.ActiveCfg = Debug|Any CPU
		{244E8B60-19FA-48DA-A3B4-3D9A4F611BDA}.Debug|Any CPU.Build.0 = Debug|Any CPU
		{244E8B60-19FA-48DA-A3B4-3D9A4F611BDA}.Debug|iPhone.ActiveCfg = Debug|Any CPU
		{244E8B60-19FA-48DA-A3B4-3D9A4F611BDA}.Debug|iPhone.Build.0 = Debug|Any CPU
		{244E8B60-19FA-48DA-A3B4-3D9A4F611BDA}.Debug|iPhoneSimulator.ActiveCfg = Debug|Any CPU
		{244E8B60-19FA-48DA-A3B4-3D9A4F611BDA}.Debug|iPhoneSimulator.Build.0 = Debug|Any CPU
		{244E8B60-19FA-48DA-A3B4-3D9A4F611BDA}.Release|Any CPU.ActiveCfg = Release|Any CPU
		{244E8B60-19FA-48DA-A3B4-3D9A4F611BDA}.Release|Any CPU.Build.0 = Release|Any CPU
		{244E8B60-19FA-48DA-A3B4-3D9A4F611BDA}.Release|iPhone.ActiveCfg = Release|Any CPU
		{244E8B60-19FA-48DA-A3B4-3D9A4F611BDA}.Release|iPhone.Build.0 = Release|Any CPU
		{244E8B60-19FA-48DA-A3B4-3D9A4F611BDA}.Release|iPhoneSimulator.ActiveCfg = Release|Any CPU
		{244E8B60-19FA-48DA-A3B4-3D9A4F611BDA}.Release|iPhoneSimulator.Build.0 = Release|Any CPU
		{8B869EF7-BE40-46D2-9413-F36344F063F4}.Ad-Hoc|Any CPU.ActiveCfg = Debug|Any CPU
		{8B869EF7-BE40-46D2-9413-F36344F063F4}.Ad-Hoc|Any CPU.Build.0 = Debug|Any CPU
		{8B869EF7-BE40-46D2-9413-F36344F063F4}.Ad-Hoc|iPhone.ActiveCfg = Debug|Any CPU
		{8B869EF7-BE40-46D2-9413-F36344F063F4}.Ad-Hoc|iPhone.Build.0 = Debug|Any CPU
		{8B869EF7-BE40-46D2-9413-F36344F063F4}.Ad-Hoc|iPhoneSimulator.ActiveCfg = Debug|Any CPU
		{8B869EF7-BE40-46D2-9413-F36344F063F4}.Ad-Hoc|iPhoneSimulator.Build.0 = Debug|Any CPU
		{8B869EF7-BE40-46D2-9413-F36344F063F4}.AppStore|Any CPU.ActiveCfg = Debug|Any CPU
		{8B869EF7-BE40-46D2-9413-F36344F063F4}.AppStore|Any CPU.Build.0 = Debug|Any CPU
		{8B869EF7-BE40-46D2-9413-F36344F063F4}.AppStore|iPhone.ActiveCfg = Debug|Any CPU
		{8B869EF7-BE40-46D2-9413-F36344F063F4}.AppStore|iPhone.Build.0 = Debug|Any CPU
		{8B869EF7-BE40-46D2-9413-F36344F063F4}.AppStore|iPhoneSimulator.ActiveCfg = Debug|Any CPU
		{8B869EF7-BE40-46D2-9413-F36344F063F4}.AppStore|iPhoneSimulator.Build.0 = Debug|Any CPU
		{8B869EF7-BE40-46D2-9413-F36344F063F4}.Debug|Any CPU.ActiveCfg = Debug|Any CPU
		{8B869EF7-BE40-46D2-9413-F36344F063F4}.Debug|Any CPU.Build.0 = Debug|Any CPU
		{8B869EF7-BE40-46D2-9413-F36344F063F4}.Debug|iPhone.ActiveCfg = Debug|Any CPU
		{8B869EF7-BE40-46D2-9413-F36344F063F4}.Debug|iPhone.Build.0 = Debug|Any CPU
		{8B869EF7-BE40-46D2-9413-F36344F063F4}.Debug|iPhoneSimulator.ActiveCfg = Debug|Any CPU
		{8B869EF7-BE40-46D2-9413-F36344F063F4}.Debug|iPhoneSimulator.Build.0 = Debug|Any CPU
		{8B869EF7-BE40-46D2-9413-F36344F063F4}.Release|Any CPU.ActiveCfg = Release|Any CPU
		{8B869EF7-BE40-46D2-9413-F36344F063F4}.Release|Any CPU.Build.0 = Release|Any CPU
		{8B869EF7-BE40-46D2-9413-F36344F063F4}.Release|iPhone.ActiveCfg = Release|Any CPU
		{8B869EF7-BE40-46D2-9413-F36344F063F4}.Release|iPhone.Build.0 = Release|Any CPU
		{8B869EF7-BE40-46D2-9413-F36344F063F4}.Release|iPhoneSimulator.ActiveCfg = Release|Any CPU
		{8B869EF7-BE40-46D2-9413-F36344F063F4}.Release|iPhoneSimulator.Build.0 = Release|Any CPU
	EndGlobalSection
	GlobalSection(SolutionProperties) = preSolution
		HideSolutionNode = FALSE
	EndGlobalSection
	GlobalSection(ExtensibilityGlobals) = postSolution
		SolutionGuid = {99A83332-0E68-40C8-9A07-B3295123796E}
	EndGlobalSection
	GlobalSection(MonoDevelopProperties) = preSolution
		Policies = $0
		$0.VersionControlPolicy = $1
	EndGlobalSection
EndGlobal
